{
  "requires": true,
  "lockfileVersion": 1,
  "dependencies": {
    "bootstrap": {
      "version": "4.5.3",
      "resolved": "https://registry.npmjs.org/bootstrap/-/bootstrap-4.5.3.tgz",
      "integrity": "sha512-o9ppKQioXGqhw8Z7mah6KdTYpNQY//tipnkxppWhPbiSWdD+1raYsnhwEZjkTHYbGee4cVQ0Rx65EhOY/HNLcQ=="
    },
    "material-icons-font": {
      "version": "2.1.0",
      "resolved": "https://registry.npmjs.org/material-icons-font/-/material-icons-font-2.1.0.tgz",
      "integrity": "sha512-Nv36UacYjodGc15HJDehJcfrYFioq5p6sQD7kcpBVoFLdUgTnv/kzM5BamTIi0W/i3BaeouunzfBOkUzjicT3Q=="
    }
  }
}
